
Microsoft Visual Studio Solution File, Format Version 12.00
# Visual Studio Version 17
VisualStudioVersion = 17.14.36414.22
MinimumVisualStudioVersion = 10.0.40219.1
Project("{FAE04EC0-301F-11D3-BF4B-00C04F79EFBC}") = "OnlineStore.API", "OnlineStore.API\OnlineStore.API.csproj", "{14B598A2-AF5A-4EAF-AE79-36F6EE69D8C0}"
EndProject
Project("{FAE04EC0-301F-11D3-BF4B-00C04F79EFBC}") = "OnlineStore.Application", "OnlineStore.Application\OnlineStore.Application.csproj", "{D3C5478F-5815-AC4A-5D64-493402DC0663}"
EndProject
Project("{FAE04EC0-301F-11D3-BF4B-00C04F79EFBC}") = "OnlineStore.Domain", "OnlineStore.Domain\OnlineStore.Domain.csproj", "{EFCB58B3-DEAF-0B1A-6770-048FC2DBEBDD}"
EndProject
Project("{FAE04EC0-301F-11D3-BF4B-00C04F79EFBC}") = "OnlineStore.Infrastructure", "OnlineStore.Infrastrcture\OnlineStore.Infrastructure.csproj", "{A5495E54-0F3B-9914-682D-10074B9BB1A0}"
EndProject
Global
	GlobalSection(SolutionConfigurationPlatforms) = preSolution
		Debug|Any CPU = Debug|Any CPU
		Release|Any CPU = Release|Any CPU
	EndGlobalSection
	GlobalSection(ProjectConfigurationPlatforms) = postSolution
		{14B598A2-AF5A-4EAF-AE79-36F6EE69D8C0}.Debug|Any CPU.ActiveCfg = Debug|Any CPU
		{14B598A2-AF5A-4EAF-AE79-36F6EE69D8C0}.Debug|Any CPU.Build.0 = Debug|Any CPU
		{14B598A2-AF5A-4EAF-AE79-36F6EE69D8C0}.Release|Any CPU.ActiveCfg = Release|Any CPU
		{14B598A2-AF5A-4EAF-AE79-36F6EE69D8C0}.Release|Any CPU.Build.0 = Release|Any CPU
		{D3C5478F-5815-AC4A-5D64-493402DC0663}.Debug|Any CPU.ActiveCfg = Debug|Any CPU
		{D3C5478F-5815-AC4A-5D64-493402DC0663}.Debug|Any CPU.Build.0 = Debug|Any CPU
		{D3C5478F-5815-AC4A-5D64-493402DC0663}.Release|Any CPU.ActiveCfg = Release|Any CPU
		{D3C5478F-5815-AC4A-5D64-493402DC0663}.Release|Any CPU.Build.0 = Release|Any CPU
		{EFCB58B3-DEAF-0B1A-6770-048FC2DBEBDD}.Debug|Any CPU.ActiveCfg = Debug|Any CPU
		{EFCB58B3-DEAF-0B1A-6770-048FC2DBEBDD}.Debug|Any CPU.Build.0 = Debug|Any CPU
		{EFCB58B3-DEAF-0B1A-6770-048FC2DBEBDD}.Release|Any CPU.ActiveCfg = Release|Any CPU
		{EFCB58B3-DEAF-0B1A-6770-048FC2DBEBDD}.Release|Any CPU.Build.0 = Release|Any CPU
		{A5495E54-0F3B-9914-682D-10074B9BB1A0}.Debug|Any CPU.ActiveCfg = Debug|Any CPU
		{A5495E54-0F3B-9914-682D-10074B9BB1A0}.Debug|Any CPU.Build.0 = Debug|Any CPU
		{A5495E54-0F3B-9914-682D-10074B9BB1A0}.Release|Any CPU.ActiveCfg = Release|Any CPU
		{A5495E54-0F3B-9914-682D-10074B9BB1A0}.Release|Any CPU.Build.0 = Release|Any CPU
	EndGlobalSection
	GlobalSection(SolutionProperties) = preSolution
		HideSolutionNode = FALSE
	EndGlobalSection
	GlobalSection(ExtensibilityGlobals) = postSolution
		SolutionGuid = {3C50AF33-3252-4C33-A0F2-BA129DA631AF}
	EndGlobalSection
EndGlobal
